// !$*UTF8*$!
{
	archiveVersion = 1;
	classes = {
	};
	objectVersion = 50;
	objects = {

/* Begin PBXBuildFile section */
		804155EA26D3C4C200B62818 /* AppDelegate.swift in Sources */ = {isa = PBXBuildFile; fileRef = 804155E926D3C4C200B62818 /* AppDelegate.swift */; };
		804155EC26D3C4C200B62818 /* SceneDelegate.swift in Sources */ = {isa = PBXBuildFile; fileRef = 804155EB26D3C4C200B62818 /* SceneDelegate.swift */; };
		804155EE26D3C4C200B62818 /* ViewController.swift in Sources */ = {isa = PBXBuildFile; fileRef = 804155ED26D3C4C200B62818 /* ViewController.swift */; };
		804155F126D3C4C200B62818 /* Main.storyboard in Resources */ = {isa = PBXBuildFile; fileRef = 804155EF26D3C4C200B62818 /* Main.storyboard */; };
		804155F326D3C4C600B62818 /* Assets.xcassets in Resources */ = {isa = PBXBuildFile; fileRef = 804155F226D3C4C600B62818 /* Assets.xcassets */; };
		804155F626D3C4C600B62818 /* LaunchScreen.storyboard in Resources */ = {isa = PBXBuildFile; fileRef = 804155F426D3C4C600B62818 /* LaunchScreen.storyboard */; };
		8041560126D3C50000B62818 /* awa.png in Resources */ = {isa = PBXBuildFile; fileRef = 804155FF26D3C50000B62818 /* awa.png */; };
		8041560226D3C50000B62818 /* suiheiki.png in Resources */ = {isa = PBXBuildFile; fileRef = 8041560026D3C50000B62818 /* suiheiki.png */; };
		8041560626D3C68100B62818 /* GameViewController.swift in Sources */ = {isa = PBXBuildFile; fileRef = 8041560526D3C68100B62818 /* GameViewController.swift */; };
		8041560A26D3C6AC00B62818 /* ResultViewController.swift in Sources */ = {isa = PBXBuildFile; fileRef = 8041560926D3C6AC00B62818 /* ResultViewController.swift */; };
/* End PBXBuildFile section */

/* Begin PBXFileReference section */
		804155E626D3C4C200B62818 /* Accelerometer.app */ = {isa = PBXFileReference; explicitFileType = wrapper.application; includeInIndex = 0; path = Accelerometer.app; sourceTree = BUILT_PRODUCTS_DIR; };
		804155E926D3C4C200B62818 /* AppDelegate.swift */ = {isa = PBXFileReference; lastKnownFileType = sourcecode.swift; path = AppDelegate.swift; sourceTree = "<group>"; };
		804155EB26D3C4C200B62818 /* SceneDelegate.swift */ = {isa = PBXFileReference; lastKnownFileType = sourcecode.swift; path = SceneDelegate.swift; sourceTree = "<group>"; };
		804155ED26D3C4C200B62818 /* ViewController.swift */ = {isa = PBXFileReference; lastKnownFileType = sourcecode.swift; path = ViewController.swift; sourceTree = "<group>"; };
		804155F026D3C4C200B62818 /* Base */ = {isa = PBXFileReference; lastKnownFileType = file.storyboard; name = Base; path = Base.lproj/Main.storyboard; sourceTree = "<group>"; };
		804155F226D3C4C600B62818 /* Assets.xcassets */ = {isa = PBXFileReference; lastKnownFileType = folder.assetcatalog; path = Assets.xcassets; sourceTree = "<group>"; };
		804155F526D3C4C600B62818 /* Base */ = {isa = PBXFileReference; lastKnownFileType = file.storyboard; name = Base; path = Base.lproj/LaunchScreen.storyboard; sourceTree = "<group>"; };
		804155F726D3C4C600B62818 /* Info.plist */ = {isa = PBXFileReference; lastKnownFileType = text.plist.xml; path = Info.plist; sourceTree = "<group>"; };
		804155FF26D3C50000B62818 /* awa.png */ = {isa = PBXFileReference; lastKnownFileType = image.png; path = awa.png; sourceTree = "<group>"; };
		8041560026D3C50000B62818 /* suiheiki.png */ = {isa = PBXFileReference; lastKnownFileType = image.png; path = suiheiki.png; sourceTree = "<group>"; };
		8041560526D3C68100B62818 /* GameViewController.swift */ = {isa = PBXFileReference; lastKnownFileType = sourcecode.swift; path = GameViewController.swift; sourceTree = "<group>"; };
		8041560926D3C6AC00B62818 /* ResultViewController.swift */ = {isa = PBXFileReference; lastKnownFileType = sourcecode.swift; path = ResultViewController.swift; sourceTree = "<group>"; };
/* End PBXFileReference section */

/* Begin PBXFrameworksBuildPhase section */
		804155E326D3C4C200B62818 /* Frameworks */ = {
			isa = PBXFrameworksBuildPhase;
			buildActionMask = 2147483647;
			files = (
			);
			runOnlyForDeploymentPostprocessing = 0;
		};
/* End PBXFrameworksBuildPhase section */

/* Begin PBXGroup section */
		804155DD26D3C4C200B62818 = {
			isa = PBXGroup;
			children = (
				804155E826D3C4C200B62818 /* Accelerometer */,
				804155E726D3C4C200B62818 /* Products */,
			);
			sourceTree = "<group>";
		};
		804155E726D3C4C200B62818 /* Products */ = {
			isa = PBXGroup;
			children = (
				804155E626D3C4C200B62818 /* Accelerometer.app */,
			);
			name = Products;
			sourceTree = "<group>";
		};
		804155E826D3C4C200B62818 /* Accelerometer */ = {
			isa = PBXGroup;
			children = (
				804155E926D3C4C200B62818 /* AppDelegate.swift */,
				804155EB26D3C4C200B62818 /* SceneDelegate.swift */,
				804155ED26D3C4C200B62818 /* ViewController.swift */,
				8041560526D3C68100B62818 /* GameViewController.swift */,
				8041560926D3C6AC00B62818 /* ResultViewController.swift */,
				804155EF26D3C4C200B62818 /* Main.storyboard */,
				804155F226D3C4C600B62818 /* Assets.xcassets */,
				804155FE26D3C50000B62818 /* Resource */,
				804155F426D3C4C600B62818 /* LaunchScreen.storyboard */,
				804155F726D3C4C600B62818 /* Info.plist */,
			);
			path = Accelerometer;
			sourceTree = "<group>";
		};
		804155FE26D3C50000B62818 /* Resource */ = {
			isa = PBXGroup;
			children = (
				804155FF26D3C50000B62818 /* awa.png */,
				8041560026D3C50000B62818 /* suiheiki.png */,
			);
			path = Resource;
			sourceTree = "<group>";
		};
/* End PBXGroup section */

/* Begin PBXNativeTarget section */
		804155E526D3C4C200B62818 /* Accelerometer */ = {
			isa = PBXNativeTarget;
			buildConfigurationList = 804155FA26D3C4C600B62818 /* Build configuration list for PBXNativeTarget "Accelerometer" */;
			buildPhases = (
				804155E226D3C4C200B62818 /* Sources */,
				804155E326D3C4C200B62818 /* Frameworks */,
				804155E426D3C4C200B62818 /* Resources */,
			);
			buildRules = (
			);
			dependencies = (
			);
			name = Accelerometer;
			productName = Accelerometer;
			productReference = 804155E626D3C4C200B62818 /* Accelerometer.app */;
			productType = "com.apple.product-type.application";
		};
/* End PBXNativeTarget section */

/* Begin PBXProject section */
		804155DE26D3C4C200B62818 /* Project object */ = {
			isa = PBXProject;
			attributes = {
				LastSwiftUpdateCheck = 1230;
				LastUpgradeCheck = 1230;
				TargetAttributes = {
					804155E526D3C4C200B62818 = {
						CreatedOnToolsVersion = 12.3;
					};
				};
			};
			buildConfigurationList = 804155E126D3C4C200B62818 /* Build configuration list for PBXProject "Accelerometer" */;
			compatibilityVersion = "Xcode 9.3";
			developmentRegion = en;
			hasScannedForEncodings = 0;
			knownRegions = (
				en,
				Base,
			);
			mainGroup = 804155DD26D3C4C200B62818;
			productRefGroup = 804155E726D3C4C200B62818 /* Products */;
			projectDirPath = "";
			projectRoot = "";
			targets = (
				804155E526D3C4C200B62818 /* Accelerometer */,
			);
		};
/* End PBXProject section */

/* Begin PBXResourcesBuildPhase section */
		804155E426D3C4C200B62818 /* Resources */ = {
			isa = PBXResourcesBuildPhase;
			buildActionMask = 2147483647;
			files = (
				804155F626D3C4C600B62818 /* LaunchScreen.storyboard in Resources */,
				804155F326D3C4C600B62818 /* Assets.xcassets in Resources */,
				8041560226D3C50000B62818 /* suiheiki.png in Resources */,
				804155F126D3C4C200B62818 /* Main.storyboard in Resources */,
				8041560126D3C50000B62818 /* awa.png in Resources */,
			);
			runOnlyForDeploymentPostprocessing = 0;
		};
/* End PBXResourcesBuildPhase section */

/* Begin PBXSourcesBuildPhase section */
		804155E226D3C4C200B62818 /* Sources */ = {
			isa = PBXSourcesBuildPhase;
			buildActionMask = 2147483647;
			files = (
				8041560A26D3C6AC00B62818 /* ResultViewController.swift in Sources */,
				8041560626D3C68100B62818 /* GameViewController.swift in Sources */,
				804155EE26D3C4C200B62818 /* ViewController.swift in Sources */,
				804155EA26D3C4C200B62818 /* AppDelegate.swift in Sources */,
				804155EC26D3C4C200B62818 /* SceneDelegate.swift in Sources */,
			);
			runOnlyForDeploymentPostprocessing = 0;
		};
/* End PBXSourcesBuildPhase section */

/* Begin PBXVariantGroup section */
		804155EF26D3C4C200B62818 /* Main.storyboard */ = {
			isa = PBXVariantGroup;
			children = (
				804155F026D3C4C200B62818 /* Base */,
			);
			name = Main.storyboard;
			sourceTree = "<group>";
		};
		804155F426D3C4C600B62818 /* LaunchScreen.storyboard */ = {
			isa = PBXVariantGroup;
			children = (
				804155F526D3C4C600B62818 /* Base */,
			);
			name = LaunchScreen.storyboard;
			sourceTree = "<group>";
		};
/* End PBXVariantGroup section */

/* Begin XCBuildConfiguration section */
		804155F826D3C4C600B62818 /* Debug */ = {
			isa = XCBuildConfiguration;
			buildSettings = {
				ALWAYS_SEARCH_USER_PATHS = NO;
				CLANG_ANALYZER_NONNULL = YES;
				CLANG_ANALYZER_NUMBER_OBJECT_CONVERSION = YES_AGGRESSIVE;
				CLANG_CXX_LANGUAGE_STANDARD = "gnu++14";
				CLANG_CXX_LIBRARY = "libc++";
				CLANG_ENABLE_MODULES = YES;
				CLANG_ENABLE_OBJC_ARC = YES;
				CLANG_ENABLE_OBJC_WEAK = YES;
				CLANG_WARN_BLOCK_CAPTURE_AUTORELEASING = YES;
				CLANG_WARN_BOOL_CONVERSION = YES;
				CLANG_WARN_COMMA = YES;
				CLANG_WARN_CONSTANT_CONVERSION = YES;
				CLANG_WARN_DEPRECATED_OBJC_IMPLEMENTATIONS = YES;
				CLANG_WARN_DIRECT_OBJC_ISA_USAGE = YES_ERROR;
				CLANG_WARN_DOCUMENTATION_COMMENTS = YES;
				CLANG_WARN_EMPTY_BODY = YES;
				CLANG_WARN_ENUM_CONVERSION = YES;
				CLANG_WARN_INFINITE_RECURSION = YES;
				CLANG_WARN_INT_CONVERSION = YES;
				CLANG_WARN_NON_LITERAL_NULL_CONVERSION = YES;
				CLANG_WARN_OBJC_IMPLICIT_RETAIN_SELF = YES;
				CLANG_WARN_OBJC_LITERAL_CONVERSION = YES;
				CLANG_WARN_OBJC_ROOT_CLASS = YES_ERROR;
				CLANG_WARN_QUOTED_INCLUDE_IN_FRAMEWORK_HEADER = YES;
				CLANG_WARN_RANGE_LOOP_ANALYSIS = YES;
				CLANG_WARN_STRICT_PROTOTYPES = YES;
				CLANG_WARN_SUSPICIOUS_MOVE = YES;
				CLANG_WARN_UNGUARDED_AVAILABILITY = YES_AGGRESSIVE;
				CLANG_WARN_UNREACHABLE_CODE = YES;
				CLANG_WARN__DUPLICATE_METHOD_MATCH = YES;
				COPY_PHASE_STRIP = NO;
				DEBUG_INFORMATION_FORMAT = dwarf;
				ENABLE_STRICT_OBJC_MSGSEND = YES;
				ENABLE_TESTABILITY = YES;
				GCC_C_LANGUAGE_STANDARD = gnu11;
				GCC_DYNAMIC_NO_PIC = NO;
				GCC_NO_COMMON_BLOCKS = YES;
				GCC_OPTIMIZATION_LEVEL = 0;
				GCC_PREPROCESSOR_DEFINITIONS = (
					"DEBUG=1",
					"$(inherited)",
				);
				GCC_WARN_64_TO_32_BIT_CONVERSION = YES;
				GCC_WARN_ABOUT_RETURN_TYPE = YES_ERROR;
				GCC_WARN_UNDECLARED_SELECTOR = YES;
				GCC_WARN_UNINITIALIZED_AUTOS = YES_AGGRESSIVE;
				GCC_WARN_UNUSED_FUNCTION = YES;
				GCC_WARN_UNUSED_VARIABLE = YES;
				IPHONEOS_DEPLOYMENT_TARGET = 14.3;
				MTL_ENABLE_DEBUG_INFO = INCLUDE_SOURCE;
				MTL_FAST_MATH = YES;
				ONLY_ACTIVE_ARCH = YES;
				SDKROOT = iphoneos;
				SWIFT_ACTIVE_COMPILATION_CONDITIONS = DEBUG;
				SWIFT_OPTIMIZATION_LEVEL = "-Onone";
			};
			name = Debug;
		};
		804155F926D3C4C600B62818 /* Release */ = {
			isa = XCBuildConfiguration;
			buildSettings = {
				ALWAYS_SEARCH_USER_PATHS = NO;
				CLANG_ANALYZER_NONNULL = YES;
				CLANG_ANALYZER_NUMBER_OBJECT_CONVERSION = YES_AGGRESSIVE;
				CLANG_CXX_LANGUAGE_STANDARD = "gnu++14";
				CLANG_CXX_LIBRARY = "libc++";
				CLANG_ENABLE_MODULES = YES;
				CLANG_ENABLE_OBJC_ARC = YES;
				CLANG_ENABLE_OBJC_WEAK = YES;
				CLANG_WARN_BLOCK_CAPTURE_AUTORELEASING = YES;
				CLANG_WARN_BOOL_CONVERSION = YES;
				CLANG_WARN_COMMA = YES;
				CLANG_WARN_CONSTANT_CONVERSION = YES;
				CLANG_WARN_DEPRECATED_OBJC_IMPLEMENTATIONS = YES;
				CLANG_WARN_DIRECT_OBJC_ISA_USAGE = YES_ERROR;
				CLANG_WARN_DOCUMENTATION_COMMENTS = YES;
				CLANG_WARN_EMPTY_BODY = YES;
				CLANG_WARN_ENUM_CONVERSION = YES;
				CLANG_WARN_INFINITE_RECURSION = YES;
				CLANG_WARN_INT_CONVERSION = YES;
				CLANG_WARN_NON_LITERAL_NULL_CONVERSION = YES;
				CLANG_WARN_OBJC_IMPLICIT_RETAIN_SELF = YES;
				CLANG_WARN_OBJC_LITERAL_CONVERSION = YES;
				CLANG_WARN_OBJC_ROOT_CLASS = YES_ERROR;
				CLANG_WARN_QUOTED_INCLUDE_IN_FRAMEWORK_HEADER = YES;
				CLANG_WARN_RANGE_LOOP_ANALYSIS = YES;
				CLANG_WARN_STRICT_PROTOTYPES = YES;
				CLANG_WARN_SUSPICIOUS_MOVE = YES;
				CLANG_WARN_UNGUARDED_AVAILABILITY = YES_AGGRESSIVE;
				CLANG_WARN_UNREACHABLE_CODE = YES;
				CLANG_WARN__DUPLICATE_METHOD_MATCH = YES;
				COPY_PHASE_STRIP = NO;
				DEBUG_INFORMATION_FORMAT = "dwarf-with-dsym";
				ENABLE_NS_ASSERTIONS = NO;
				ENABLE_STRICT_OBJC_MSGSEND = YES;
				GCC_C_LANGUAGE_STANDARD = gnu11;
				GCC_NO_COMMON_BLOCKS = YES;
				GCC_WARN_64_TO_32_BIT_CONVERSION = YES;
				GCC_WARN_ABOUT_RETURN_TYPE = YES_ERROR;
				GCC_WARN_UNDECLARED_SELECTOR = YES;
				GCC_WARN_UNINITIALIZED_AUTOS = YES_AGGRESSIVE;
				GCC_WARN_UNUSED_FUNCTION = YES;
				GCC_WARN_UNUSED_VARIABLE = YES;
				IPHONEOS_DEPLOYMENT_TARGET = 14.3;
				MTL_ENABLE_DEBUG_INFO = NO;
				MTL_FAST_MATH = YES;
				SDKROOT = iphoneos;
				SWIFT_COMPILATION_MODE = wholemodule;
				SWIFT_OPTIMIZATION_LEVEL = "-O";
				VALIDATE_PRODUCT = YES;
			};
			name = Release;
		};
		804155FB26D3C4C600B62818 /* Debug */ = {
			isa = XCBuildConfiguration;
			buildSettings = {
				ASSETCATALOG_COMPILER_APPICON_NAME = AppIcon;
				ASSETCATALOG_COMPILER_GLOBAL_ACCENT_COLOR_NAME = AccentColor;
				CODE_SIGN_STYLE = Automatic;
				DEVELOPMENT_TEAM = 4P6W7GVC6D;
				INFOPLIST_FILE = Accelerometer/Info.plist;
				LD_RUNPATH_SEARCH_PATHS = (
					"$(inherited)",
					"@executable_path/Frameworks",
				);
				PRODUCT_BUNDLE_IDENTIFIER = com.daisukekawamura.Accelerometer;
				PRODUCT_NAME = "$(TARGET_NAME)";
				SWIFT_VERSION = 5.0;
				TARGETED_DEVICE_FAMILY = "1,2";
			};
			name = Debug;
		};
		804155FC26D3C4C600B62818 /* Release */ = {
			isa = XCBuildConfiguration;
			buildSettings = {
				ASSETCATALOG_COMPILER_APPICON_NAME = AppIcon;
				ASSETCATALOG_COMPILER_GLOBAL_ACCENT_COLOR_NAME = AccentColor;
				CODE_SIGN_STYLE = Automatic;
				DEVELOPMENT_TEAM = 4P6W7GVC6D;
				INFOPLIST_FILE = Accelerometer/Info.plist;
				LD_RUNPATH_SEARCH_PATHS = (
					"$(inherited)",
					"@executable_path/Frameworks",
				);
				PRODUCT_BUNDLE_IDENTIFIER = com.daisukekawamura.Accelerometer;
				PRODUCT_NAME = "$(TARGET_NAME)";
				SWIFT_VERSION = 5.0;
				TARGETED_DEVICE_FAMILY = "1,2";
			};
			name = Release;
		};
/* End XCBuildConfiguration section */

/* Begin XCConfigurationList section */
		804155E126D3C4C200B62818 /* Build configuration list for PBXProject "Accelerometer" */ = {
			isa = XCConfigurationList;
			buildConfigurations = (
				804155F826D3C4C600B62818 /* Debug */,
				804155F926D3C4C600B62818 /* Release */,
			);
			defaultConfigurationIsVisible = 0;
			defaultConfigurationName = Release;
		};
		804155FA26D3C4C600B62818 /* Build configuration list for PBXNativeTarget "Accelerometer" */ = {
			isa = XCConfigurationList;
			buildConfigurations = (
				804155FB26D3C4C600B62818 /* Debug */,
				804155FC26D3C4C600B62818 /* Release */,
			);
			defaultConfigurationIsVisible = 0;
			defaultConfigurationName = Release;
		};
/* End XCConfigurationList section */
	};
	rootObject = 804155DE26D3C4C200B62818 /* Project object */;
}
